Microsoft Visual Studio Solution File, Format Version 8.00
Project("{FAE04EC0-301F-11D3-BF4B-00C04F79EFBC}") = "upload_fpgaV1.1", "upload_fpgaV1.1.csproj", "{B64AE6A7-8418-4325-908B-0375BDCE194D}"
	ProjectSection(ProjectDependencies) = postProject
	EndProjectSection
EndProject
Global
	GlobalSection(SolutionConfiguration) = preSolution
		Debug = Debug
		Release = Release
	EndGlobalSection
	GlobalSection(ProjectConfiguration) = postSolution
		{B64AE6A7-8418-4325-908B-0375BDCE194D}.Debug.ActiveCfg = Debug|.NET
		{B64AE6A7-8418-4325-908B-0375BDCE194D}.Debug.Build.0 = Debug|.NET
		{B64AE6A7-8418-4325-908B-0375BDCE194D}.Release.ActiveCfg = Release|.NET
		{B64AE6A7-8418-4325-908B-0375BDCE194D}.Release.Build.0 = Release|.NET
	EndGlobalSection
	GlobalSection(ExtensibilityGlobals) = postSolution
	EndGlobalSection
	GlobalSection(ExtensibilityAddIns) = postSolution
	EndGlobalSection
EndGlobal
