
Microsoft Visual Studio Solution File, Format Version 9.00
# Visual C# Express 2005
Project("{FAE04EC0-301F-11D3-BF4B-00C04F79EFBC}") = "test_fifo", "test_fifo\test_fifo.csproj", "{DC339619-CEB4-4167-9F9D-A4D366F6DEFF}"
EndProject
Global
	GlobalSection(SolutionConfigurationPlatforms) = preSolution
		Debug|Any CPU = Debug|Any CPU
		Release|Any CPU = Release|Any CPU
	EndGlobalSection
	GlobalSection(ProjectConfigurationPlatforms) = postSolution
		{DC339619-CEB4-4167-9F9D-A4D366F6DEFF}.Debug|Any CPU.ActiveCfg = Debug|Any CPU
		{DC339619-CEB4-4167-9F9D-A4D366F6DEFF}.Debug|Any CPU.Build.0 = Debug|Any CPU
		{DC339619-CEB4-4167-9F9D-A4D366F6DEFF}.Release|Any CPU.ActiveCfg = Release|Any CPU
		{DC339619-CEB4-4167-9F9D-A4D366F6DEFF}.Release|Any CPU.Build.0 = Release|Any CPU
	EndGlobalSection
	GlobalSection(SolutionProperties) = preSolution
		HideSolutionNode = FALSE
	EndGlobalSection
EndGlobal
