
Microsoft Visual Studio Solution File, Format Version 9.00
# Visual C# Express 2005
Project("{FAE04EC0-301F-11D3-BF4B-00C04F79EFBC}") = "HPSDR_USB_LIB_V1", "HPSDR_USB_LIB_V1\HPSDR_USB_LIB_V1.csproj", "{EE45C6A8-ACFD-4989-A100-7E23B2AC375F}"
EndProject
Global
	GlobalSection(SolutionConfigurationPlatforms) = preSolution
		Debug|Any CPU = Debug|Any CPU
		Release|Any CPU = Release|Any CPU
	EndGlobalSection
	GlobalSection(ProjectConfigurationPlatforms) = postSolution
		{EE45C6A8-ACFD-4989-A100-7E23B2AC375F}.Debug|Any CPU.ActiveCfg = Debug|Any CPU
		{EE45C6A8-ACFD-4989-A100-7E23B2AC375F}.Debug|Any CPU.Build.0 = Debug|Any CPU
		{EE45C6A8-ACFD-4989-A100-7E23B2AC375F}.Release|Any CPU.ActiveCfg = Release|Any CPU
		{EE45C6A8-ACFD-4989-A100-7E23B2AC375F}.Release|Any CPU.Build.0 = Release|Any CPU
	EndGlobalSection
	GlobalSection(SolutionProperties) = preSolution
		HideSolutionNode = FALSE
	EndGlobalSection
EndGlobal
