<?xml version="1.0"?>
<!DOCTYPE CodeBlocks_project_file>
<CodeBlocks_project_file>
	<FileVersion major="1" minor="1"/>
	<Project>
		<Option title="HPSDR_OZYV1 Firmware"/>
		<Option makefile="Makefile"/>
		<Option makefile_is_custom="0"/>
		<Option compiler="5"/>
		<Build>
			<Target title="FX2">
				<Option output="OZYV1FW08172006-1.hex"/>
				<Option working_dir="."/>
				<Option object_output=".objs"/>
				<Option deps_output=".deps"/>
				<Option type="1"/>
				<Option compiler="5"/>
				<Option projectResourceIncludeDirsRelation="1"/>
				<Compiler>
					<Add option="--no-xinit-opt --xram-loc 0x2000 --xram-size 0x2000 --code-size 0x2000"/>
				</Compiler>
				<Linker>
					<Add option="-Wl -b&quot; USBDESCSEG = 0xE000&quot;"/>
				</Linker>
			</Target>
		</Build>
		<Unit filename="Initial\include\delay.h">
			<Option compilerVar=""/>
			<Option compile="0"/>
			<Option link="0"/>
			<Option target="default"/>
			<Option target="FX2"/>
		</Unit>
		<Unit filename="Initial\include\eeprom_io.h">
			<Option compilerVar=""/>
			<Option compile="0"/>
			<Option link="0"/>
			<Option target="default"/>
			<Option target="FX2"/>
		</Unit>
		<Unit filename="Initial\include\fpga.h">
			<Option compilerVar=""/>
			<Option compile="0"/>
			<Option link="0"/>
			<Option target="default"/>
			<Option target="FX2"/>
		</Unit>
		<Unit filename="Initial\include\fpga_load.h">
			<Option compilerVar=""/>
			<Option compile="0"/>
			<Option link="0"/>
			<Option target="default"/>
			<Option target="FX2"/>
		</Unit>
		<Unit filename="Initial\include\fpga_regs_common.h">
			<Option compilerVar=""/>
			<Option compile="0"/>
			<Option link="0"/>
			<Option target="default"/>
			<Option target="FX2"/>
		</Unit>
		<Unit filename="Initial\include\fpga_rev1.h">
			<Option compilerVar=""/>
			<Option compile="0"/>
			<Option link="0"/>
			<Option target="default"/>
			<Option target="FX2"/>
		</Unit>
		<Unit filename="Initial\include\fx2regs.h">
			<Option compilerVar=""/>
			<Option compile="0"/>
			<Option link="0"/>
			<Option target="default"/>
			<Option target="FX2"/>
		</Unit>
		<Unit filename="Initial\include\fx2utils.h">
			<Option compilerVar=""/>
			<Option compile="0"/>
			<Option link="0"/>
			<Option target="default"/>
			<Option target="FX2"/>
		</Unit>
		<Unit filename="Initial\include\hpsdr_commands.h">
			<Option compilerVar=""/>
			<Option compile="0"/>
			<Option link="0"/>
			<Option target="default"/>
			<Option target="FX2"/>
		</Unit>
		<Unit filename="Initial\include\hpsdr_common.h">
			<Option compilerVar=""/>
			<Option compile="0"/>
			<Option link="0"/>
			<Option target="default"/>
			<Option target="FX2"/>
		</Unit>
		<Unit filename="Initial\include\hpsdr_config.h">
			<Option compilerVar=""/>
			<Option compile="0"/>
			<Option link="0"/>
			<Option target="default"/>
			<Option target="FX2"/>
		</Unit>
		<Unit filename="Initial\include\hpsdr_globals.h">
			<Option compilerVar=""/>
			<Option compile="0"/>
			<Option link="0"/>
			<Option target="default"/>
			<Option target="FX2"/>
		</Unit>
		<Unit filename="Initial\include\hpsdr_i2c_addr.h">
			<Option compilerVar=""/>
			<Option compile="0"/>
			<Option link="0"/>
			<Option target="default"/>
			<Option target="FX2"/>
		</Unit>
		<Unit filename="Initial\include\hpsdr_interfaces.h">
			<Option compilerVar=""/>
			<Option compile="0"/>
			<Option link="0"/>
			<Option target="default"/>
			<Option target="FX2"/>
		</Unit>
		<Unit filename="Initial\include\hpsdr_rev1_regs.h">
			<Option compilerVar=""/>
			<Option compile="0"/>
			<Option link="0"/>
			<Option target="default"/>
			<Option target="FX2"/>
		</Unit>
		<Unit filename="Initial\include\hpsdr_spi_defs.h">
			<Option compilerVar=""/>
			<Option compile="0"/>
			<Option link="0"/>
			<Option target="default"/>
			<Option target="FX2"/>
		</Unit>
		<Unit filename="Initial\include\i2c.h">
			<Option compilerVar=""/>
			<Option compile="0"/>
			<Option link="0"/>
			<Option target="default"/>
			<Option target="FX2"/>
		</Unit>
		<Unit filename="Initial\include\isr.h">
			<Option compilerVar=""/>
			<Option compile="0"/>
			<Option link="0"/>
			<Option target="default"/>
			<Option target="FX2"/>
		</Unit>
		<Unit filename="Initial\include\spi.h">
			<Option compilerVar=""/>
			<Option compile="0"/>
			<Option link="0"/>
			<Option target="default"/>
			<Option target="FX2"/>
		</Unit>
		<Unit filename="Initial\include\syncdelay.h">
			<Option compilerVar=""/>
			<Option compile="0"/>
			<Option link="0"/>
			<Option target="default"/>
			<Option target="FX2"/>
		</Unit>
		<Unit filename="Initial\include\timer.h">
			<Option compilerVar=""/>
			<Option compile="0"/>
			<Option link="0"/>
			<Option target="default"/>
			<Option target="FX2"/>
		</Unit>
		<Unit filename="Initial\include\usb_common.h">
			<Option compilerVar=""/>
			<Option compile="0"/>
			<Option link="0"/>
			<Option target="default"/>
			<Option target="FX2"/>
		</Unit>
		<Unit filename="Initial\include\usb_descriptors.h">
			<Option compilerVar=""/>
			<Option compile="0"/>
			<Option link="0"/>
			<Option target="default"/>
			<Option target="FX2"/>
		</Unit>
		<Unit filename="Initial\include\usb_requests.h">
			<Option compilerVar=""/>
			<Option compile="0"/>
			<Option link="0"/>
			<Option target="default"/>
			<Option target="FX2"/>
		</Unit>
		<Unit filename="Initial\src\asm\_startup.asm">
			<Option compilerVar=""/>
			<Option compile="0"/>
			<Option weight="1"/>
			<Option target="FX2"/>
		</Unit>
		<Unit filename="Initial\src\asm\usb_descriptors_X1.asm">
			<Option compilerVar=""/>
			<Option compile="0"/>
			<Option weight="2"/>
			<Option target="FX2"/>
		</Unit>
		<Unit filename="Initial\src\asm\vectors.asm">
			<Option compilerVar=""/>
			<Option compile="0"/>
			<Option weight="0"/>
			<Option target="FX2"/>
		</Unit>
		<Unit filename="Initial\src\board_specific.c">
			<Option compilerVar="CC"/>
			<Option target="default"/>
			<Option target="FX2"/>
		</Unit>
		<Unit filename="Initial\src\eeprom_io.c">
			<Option compilerVar="CC"/>
			<Option target="default"/>
			<Option target="FX2"/>
		</Unit>
		<Unit filename="Initial\src\fpga_load.c">
			<Option compilerVar="CC"/>
			<Option target="default"/>
			<Option target="FX2"/>
		</Unit>
		<Unit filename="Initial\src\hpsdr_common.c">
			<Option compilerVar="CC"/>
			<Option target="default"/>
			<Option target="FX2"/>
		</Unit>
		<Unit filename="Initial\src\hpsdr_main.c">
			<Option compilerVar="CC"/>
			<Option weight="3"/>
			<Option target="default"/>
			<Option target="FX2"/>
		</Unit>
		<Unit filename="Initial\src\lib\delay.c">
			<Option compilerVar="CC"/>
			<Option target="default"/>
			<Option target="FX2"/>
		</Unit>
		<Unit filename="Initial\src\lib\fx2utils.c">
			<Option compilerVar="CC"/>
			<Option target="default"/>
			<Option target="FX2"/>
		</Unit>
		<Unit filename="Initial\src\lib\i2c.c">
			<Option compilerVar="CC"/>
			<Option target="default"/>
			<Option target="FX2"/>
		</Unit>
		<Unit filename="Initial\src\lib\isr.c">
			<Option compilerVar="CC"/>
			<Option target="default"/>
			<Option target="FX2"/>
		</Unit>
		<Unit filename="Initial\src\lib\spi.c">
			<Option compilerVar="CC"/>
			<Option target="default"/>
			<Option target="FX2"/>
		</Unit>
		<Unit filename="Initial\src\lib\timer.c">
			<Option compilerVar="CC"/>
			<Option target="default"/>
			<Option target="FX2"/>
		</Unit>
		<Unit filename="Initial\src\lib\usb_common.c">
			<Option compilerVar="CC"/>
			<Option target="default"/>
			<Option target="FX2"/>
		</Unit>
	</Project>
</CodeBlocks_project_file>
