
Microsoft Visual Studio Solution File, Format Version 9.00
# Visual C# Express 2005
Project("{FAE04EC0-301F-11D3-BF4B-00C04F79EFBC}") = "read_I2CSPEED", "read_I2CSPEED\read_I2CSPEED.csproj", "{67A1CDFA-3556-40B1-819C-5808E70614CC}"
EndProject
Global
	GlobalSection(SolutionConfigurationPlatforms) = preSolution
		Debug|Any CPU = Debug|Any CPU
		Release|Any CPU = Release|Any CPU
	EndGlobalSection
	GlobalSection(ProjectConfigurationPlatforms) = postSolution
		{67A1CDFA-3556-40B1-819C-5808E70614CC}.Debug|Any CPU.ActiveCfg = Debug|Any CPU
		{67A1CDFA-3556-40B1-819C-5808E70614CC}.Debug|Any CPU.Build.0 = Debug|Any CPU
		{67A1CDFA-3556-40B1-819C-5808E70614CC}.Release|Any CPU.ActiveCfg = Release|Any CPU
		{67A1CDFA-3556-40B1-819C-5808E70614CC}.Release|Any CPU.Build.0 = Release|Any CPU
	EndGlobalSection
	GlobalSection(SolutionProperties) = preSolution
		HideSolutionNode = FALSE
	EndGlobalSection
EndGlobal
