
Microsoft Visual Studio Solution File, Format Version 11.00
# Visual Studio 2010
Project("{930C7802-8A8C-48F9-8165-68863BCCD9DD}") = "PowerSDRSetup", "PowerSDRSetup.wixproj", "{4B4D4334-8450-46F1-922D-B60CF66A6272}"
EndProject
Global
	GlobalSection(SolutionConfigurationPlatforms) = preSolution
		Debug|x86 = Debug|x86
		Release|x86 = Release|x86
	EndGlobalSection
	GlobalSection(ProjectConfigurationPlatforms) = postSolution
		{4B4D4334-8450-46F1-922D-B60CF66A6272}.Debug|x86.ActiveCfg = Debug|x86
		{4B4D4334-8450-46F1-922D-B60CF66A6272}.Debug|x86.Build.0 = Debug|x86
		{4B4D4334-8450-46F1-922D-B60CF66A6272}.Release|x86.ActiveCfg = Release|x86
		{4B4D4334-8450-46F1-922D-B60CF66A6272}.Release|x86.Build.0 = Release|x86
	EndGlobalSection
	GlobalSection(SolutionProperties) = preSolution
		HideSolutionNode = FALSE
	EndGlobalSection
EndGlobal
