Microsoft Visual Studio Solution File, Format Version 10.00
# Visual Studio 2008
Project("{FAE04EC0-301F-11D3-BF4B-00C04F79EFBC}") = "PowerSDR", "Console\PowerSDR.csproj", "{831AEB2F-CA78-4057-85D7-32B4816ED6AE}"
	ProjectSection(ProjectDependencies) = postProject
		{E8E40DF8-8A3B-422D-B7A1-44BB036F4994} = {E8E40DF8-8A3B-422D-B7A1-44BB036F4994}
	EndProjectSection
EndProject
Project("{8BC9CEB8-8B4A-11D0-8D11-00A0C91BC942}") = "DttSP", "DttSP\DttSP.vcproj", "{E8E40DF8-8A3B-422D-B7A1-44BB036F4994}"
EndProject
Global
	GlobalSection(SolutionConfigurationPlatforms) = preSolution
		Debug|Any CPU = Debug|Any CPU
		Debug|Mixed Platforms = Debug|Mixed Platforms
		Debug|Win32 = Debug|Win32
		Release|Any CPU = Release|Any CPU
		Release|Mixed Platforms = Release|Mixed Platforms
		Release|Win32 = Release|Win32
	EndGlobalSection
	GlobalSection(ProjectConfigurationPlatforms) = postSolution
		{831AEB2F-CA78-4057-85D7-32B4816ED6AE}.Debug|Any CPU.ActiveCfg = Debug|Any CPU
		{831AEB2F-CA78-4057-85D7-32B4816ED6AE}.Debug|Any CPU.Build.0 = Debug|Any CPU
		{831AEB2F-CA78-4057-85D7-32B4816ED6AE}.Debug|Mixed Platforms.ActiveCfg = Debug|Any CPU
		{831AEB2F-CA78-4057-85D7-32B4816ED6AE}.Debug|Mixed Platforms.Build.0 = Debug|Any CPU
		{831AEB2F-CA78-4057-85D7-32B4816ED6AE}.Debug|Win32.ActiveCfg = Debug|Any CPU
		{831AEB2F-CA78-4057-85D7-32B4816ED6AE}.Debug|Win32.Build.0 = Debug|Any CPU
		{831AEB2F-CA78-4057-85D7-32B4816ED6AE}.Release|Any CPU.ActiveCfg = Release|Any CPU
		{831AEB2F-CA78-4057-85D7-32B4816ED6AE}.Release|Any CPU.Build.0 = Release|Any CPU
		{831AEB2F-CA78-4057-85D7-32B4816ED6AE}.Release|Mixed Platforms.ActiveCfg = Release|Any CPU
		{831AEB2F-CA78-4057-85D7-32B4816ED6AE}.Release|Mixed Platforms.Build.0 = Release|Any CPU
		{831AEB2F-CA78-4057-85D7-32B4816ED6AE}.Release|Win32.ActiveCfg = Release|Any CPU
		{831AEB2F-CA78-4057-85D7-32B4816ED6AE}.Release|Win32.Build.0 = Release|Any CPU
		{E8E40DF8-8A3B-422D-B7A1-44BB036F4994}.Debug|Any CPU.ActiveCfg = Debug|Win32
		{E8E40DF8-8A3B-422D-B7A1-44BB036F4994}.Debug|Mixed Platforms.ActiveCfg = Debug|Win32
		{E8E40DF8-8A3B-422D-B7A1-44BB036F4994}.Debug|Mixed Platforms.Build.0 = Debug|Win32
		{E8E40DF8-8A3B-422D-B7A1-44BB036F4994}.Debug|Win32.ActiveCfg = Debug|Win32
		{E8E40DF8-8A3B-422D-B7A1-44BB036F4994}.Debug|Win32.Build.0 = Debug|Win32
		{E8E40DF8-8A3B-422D-B7A1-44BB036F4994}.Release|Any CPU.ActiveCfg = Release|Win32
		{E8E40DF8-8A3B-422D-B7A1-44BB036F4994}.Release|Mixed Platforms.ActiveCfg = Release|Win32
		{E8E40DF8-8A3B-422D-B7A1-44BB036F4994}.Release|Mixed Platforms.Build.0 = Release|Win32
		{E8E40DF8-8A3B-422D-B7A1-44BB036F4994}.Release|Win32.ActiveCfg = Release|Win32
		{E8E40DF8-8A3B-422D-B7A1-44BB036F4994}.Release|Win32.Build.0 = Release|Win32
	EndGlobalSection
	GlobalSection(SolutionProperties) = preSolution
		HideSolutionNode = FALSE
	EndGlobalSection
EndGlobal
