
Microsoft Visual Studio Solution File, Format Version 9.00
# Visual C# Express 2005
Project("{FAE04EC0-301F-11D3-BF4B-00C04F79EFBC}") = "Test_HPSDR_USB_LIB", "Test_HPSDR_USB_LIB\Test_HPSDR_USB_LIB.csproj", "{76C186EB-6A52-4DB6-BE00-FC7FE03DA16B}"
EndProject
Global
	GlobalSection(SolutionConfigurationPlatforms) = preSolution
		Debug|Any CPU = Debug|Any CPU
		Release|Any CPU = Release|Any CPU
	EndGlobalSection
	GlobalSection(ProjectConfigurationPlatforms) = postSolution
		{76C186EB-6A52-4DB6-BE00-FC7FE03DA16B}.Debug|Any CPU.ActiveCfg = Debug|Any CPU
		{76C186EB-6A52-4DB6-BE00-FC7FE03DA16B}.Debug|Any CPU.Build.0 = Debug|Any CPU
		{76C186EB-6A52-4DB6-BE00-FC7FE03DA16B}.Release|Any CPU.ActiveCfg = Release|Any CPU
		{76C186EB-6A52-4DB6-BE00-FC7FE03DA16B}.Release|Any CPU.Build.0 = Release|Any CPU
	EndGlobalSection
	GlobalSection(SolutionProperties) = preSolution
		HideSolutionNode = FALSE
	EndGlobalSection
EndGlobal
