
Microsoft Visual Studio Solution File, Format Version 10.00
# Visual C# Express 2008
Project("{FAE04EC0-301F-11D3-BF4B-00C04F79EFBC}") = "PLL_Test", "PLL_Test\PLL_Test.csproj", "{3EC80B48-AA72-496A-AA66-1D20F23EED71}"
EndProject
Global
	GlobalSection(SolutionConfigurationPlatforms) = preSolution
		Debug|Any CPU = Debug|Any CPU
		Release|Any CPU = Release|Any CPU
	EndGlobalSection
	GlobalSection(ProjectConfigurationPlatforms) = postSolution
		{3EC80B48-AA72-496A-AA66-1D20F23EED71}.Debug|Any CPU.ActiveCfg = Debug|Any CPU
		{3EC80B48-AA72-496A-AA66-1D20F23EED71}.Debug|Any CPU.Build.0 = Debug|Any CPU
		{3EC80B48-AA72-496A-AA66-1D20F23EED71}.Release|Any CPU.ActiveCfg = Release|Any CPU
		{3EC80B48-AA72-496A-AA66-1D20F23EED71}.Release|Any CPU.Build.0 = Release|Any CPU
	EndGlobalSection
	GlobalSection(SolutionProperties) = preSolution
		HideSolutionNode = FALSE
	EndGlobalSection
EndGlobal
